// !$*UTF8*$!
{
	archiveVersion = 1;
	classes = {
	};
	objectVersion = 56;
	objects = {

/* Begin PBXBuildFile section */
		7F6452F02C47900600D09ABE /* Question_AppApp.swift in Sources */ = {isa = PBXBuildFile; fileRef = 7F6452EF2C47900600D09ABE /* Question_AppApp.swift */; };
		7F6452F22C47900600D09ABE /* ContentView.swift in Sources */ = {isa = PBXBuildFile; fileRef = 7F6452F12C47900600D09ABE /* ContentView.swift */; };
		7F6452F42C47900800D09ABE /* Assets.xcassets in Resources */ = {isa = PBXBuildFile; fileRef = 7F6452F32C47900800D09ABE /* Assets.xcassets */; };
		7F6452F72C47900800D09ABE /* Preview Assets.xcassets in Resources */ = {isa = PBXBuildFile; fileRef = 7F6452F62C47900800D09ABE /* Preview Assets.xcassets */; };
		7F64531A2C47904800D09ABE /* Question_one.swift in Sources */ = {isa = PBXBuildFile; fileRef = 7F6453192C47904800D09ABE /* Question_one.swift */; };
		7F64531C2C47915300D09ABE /* Question_two.swift in Sources */ = {isa = PBXBuildFile; fileRef = 7F64531B2C47915300D09ABE /* Question_two.swift */; };
		7F6453262C48557B00D09ABE /* Question_three.swift in Sources */ = {isa = PBXBuildFile; fileRef = 7F6453252C48557B00D09ABE /* Question_three.swift */; };
/* End PBXBuildFile section */

/* Begin PBXContainerItemProxy section */
		7F6452FD2C47900800D09ABE /* PBXContainerItemProxy */ = {
			isa = PBXContainerItemProxy;
			containerPortal = 7F6452E42C47900600D09ABE /* Project object */;
			proxyType = 1;
			remoteGlobalIDString = 7F6452EB2C47900600D09ABE;
			remoteInfo = "Question App";
		};
		7F6453072C47900800D09ABE /* PBXContainerItemProxy */ = {
			isa = PBXContainerItemProxy;
			containerPortal = 7F6452E42C47900600D09ABE /* Project object */;
			proxyType = 1;
			remoteGlobalIDString = 7F6452EB2C47900600D09ABE;
			remoteInfo = "Question App";
		};
/* End PBXContainerItemProxy section */

/* Begin PBXFileReference section */
		7F6452EC2C47900600D09ABE /* Question App.app */ = {isa = PBXFileReference; explicitFileType = wrapper.application; includeInIndex = 0; path = "Question App.app"; sourceTree = BUILT_PRODUCTS_DIR; };
		7F6452EF2C47900600D09ABE /* Question_AppApp.swift */ = {isa = PBXFileReference; lastKnownFileType = sourcecode.swift; path = Question_AppApp.swift; sourceTree = "<group>"; };
		7F6452F12C47900600D09ABE /* ContentView.swift */ = {isa = PBXFileReference; lastKnownFileType = sourcecode.swift; path = ContentView.swift; sourceTree = "<group>"; };
		7F6452F32C47900800D09ABE /* Assets.xcassets */ = {isa = PBXFileReference; lastKnownFileType = folder.assetcatalog; path = Assets.xcassets; sourceTree = "<group>"; };
		7F6452F62C47900800D09ABE /* Preview Assets.xcassets */ = {isa = PBXFileReference; lastKnownFileType = folder.assetcatalog; path = "Preview Assets.xcassets"; sourceTree = "<group>"; };
		7F6452FC2C47900800D09ABE /* Question AppTests.xctest */ = {isa = PBXFileReference; explicitFileType = wrapper.cfbundle; includeInIndex = 0; path = "Question AppTests.xctest"; sourceTree = BUILT_PRODUCTS_DIR; };
		7F6453062C47900800D09ABE /* Question AppUITests.xctest */ = {isa = PBXFileReference; explicitFileType = wrapper.cfbundle; includeInIndex = 0; path = "Question AppUITests.xctest"; sourceTree = BUILT_PRODUCTS_DIR; };
		7F6453192C47904800D09ABE /* Question_one.swift */ = {isa = PBXFileReference; lastKnownFileType = sourcecode.swift; path = Question_one.swift; sourceTree = "<group>"; };
		7F64531B2C47915300D09ABE /* Question_two.swift */ = {isa = PBXFileReference; lastKnownFileType = sourcecode.swift; path = Question_two.swift; sourceTree = "<group>"; };
		7F6453252C48557B00D09ABE /* Question_three.swift */ = {isa = PBXFileReference; lastKnownFileType = sourcecode.swift; path = Question_three.swift; sourceTree = "<group>"; };
/* End PBXFileReference section */

/* Begin PBXFrameworksBuildPhase section */
		7F6452E92C47900600D09ABE /* Frameworks */ = {
			isa = PBXFrameworksBuildPhase;
			buildActionMask = 2147483647;
			files = (
			);
			runOnlyForDeploymentPostprocessing = 0;
		};
		7F6452F92C47900800D09ABE /* Frameworks */ = {
			isa = PBXFrameworksBuildPhase;
			buildActionMask = 2147483647;
			files = (
			);
			runOnlyForDeploymentPostprocessing = 0;
		};
		7F6453032C47900800D09ABE /* Frameworks */ = {
			isa = PBXFrameworksBuildPhase;
			buildActionMask = 2147483647;
			files = (
			);
			runOnlyForDeploymentPostprocessing = 0;
		};
/* End PBXFrameworksBuildPhase section */

/* Begin PBXGroup section */
		7F6452E32C47900600D09ABE = {
			isa = PBXGroup;
			children = (
				7F6452EE2C47900600D09ABE /* Question App */,
				7F6452ED2C47900600D09ABE /* Products */,
			);
			sourceTree = "<group>";
		};
		7F6452ED2C47900600D09ABE /* Products */ = {
			isa = PBXGroup;
			children = (
				7F6452EC2C47900600D09ABE /* Question App.app */,
				7F6452FC2C47900800D09ABE /* Question AppTests.xctest */,
				7F6453062C47900800D09ABE /* Question AppUITests.xctest */,
			);
			name = Products;
			sourceTree = "<group>";
		};
		7F6452EE2C47900600D09ABE /* Question App */ = {
			isa = PBXGroup;
			children = (
				7F6452EF2C47900600D09ABE /* Question_AppApp.swift */,
				7F6453192C47904800D09ABE /* Question_one.swift */,
				7F64531B2C47915300D09ABE /* Question_two.swift */,
				7F6453252C48557B00D09ABE /* Question_three.swift */,
				7F6452F12C47900600D09ABE /* ContentView.swift */,
				7F6452F32C47900800D09ABE /* Assets.xcassets */,
				7F6452F52C47900800D09ABE /* Preview Content */,
			);
			path = "Question App";
			sourceTree = "<group>";
		};
		7F6452F52C47900800D09ABE /* Preview Content */ = {
			isa = PBXGroup;
			children = (
				7F6452F62C47900800D09ABE /* Preview Assets.xcassets */,
			);
			path = "Preview Content";
			sourceTree = "<group>";
		};
/* End PBXGroup section */

/* Begin PBXNativeTarget section */
		7F6452EB2C47900600D09ABE /* Question App */ = {
			isa = PBXNativeTarget;
			buildConfigurationList = 7F6453102C47900800D09ABE /* Build configuration list for PBXNativeTarget "Question App" */;
			buildPhases = (
				7F6452E82C47900600D09ABE /* Sources */,
				7F6452E92C47900600D09ABE /* Frameworks */,
				7F6452EA2C47900600D09ABE /* Resources */,
			);
			buildRules = (
			);
			dependencies = (
			);
			name = "Question App";
			productName = "Question App";
			productReference = 7F6452EC2C47900600D09ABE /* Question App.app */;
			productType = "com.apple.product-type.application";
		};
		7F6452FB2C47900800D09ABE /* Question AppTests */ = {
			isa = PBXNativeTarget;
			buildConfigurationList = 7F6453132C47900800D09ABE /* Build configuration list for PBXNativeTarget "Question AppTests" */;
			buildPhases = (
				7F6452F82C47900800D09ABE /* Sources */,
				7F6452F92C47900800D09ABE /* Frameworks */,
				7F6452FA2C47900800D09ABE /* Resources */,
			);
			buildRules = (
			);
			dependencies = (
				7F6452FE2C47900800D09ABE /* PBXTargetDependency */,
			);
			name = "Question AppTests";
			productName = "Question AppTests";
			productReference = 7F6452FC2C47900800D09ABE /* Question AppTests.xctest */;
			productType = "com.apple.product-type.bundle.unit-test";
		};
		7F6453052C47900800D09ABE /* Question AppUITests */ = {
			isa = PBXNativeTarget;
			buildConfigurationList = 7F6453162C47900800D09ABE /* Build configuration list for PBXNativeTarget "Question AppUITests" */;
			buildPhases = (
				7F6453022C47900800D09ABE /* Sources */,
				7F6453032C47900800D09ABE /* Frameworks */,
				7F6453042C47900800D09ABE /* Resources */,
			);
			buildRules = (
			);
			dependencies = (
				7F6453082C47900800D09ABE /* PBXTargetDependency */,
			);
			name = "Question AppUITests";
			productName = "Question AppUITests";
			productReference = 7F6453062C47900800D09ABE /* Question AppUITests.xctest */;
			productType = "com.apple.product-type.bundle.ui-testing";
		};
/* End PBXNativeTarget section */

/* Begin PBXProject section */
		7F6452E42C47900600D09ABE /* Project object */ = {
			isa = PBXProject;
			attributes = {
				BuildIndependentTargetsInParallel = 1;
				LastSwiftUpdateCheck = 1540;
				LastUpgradeCheck = 1540;
				TargetAttributes = {
					7F6452EB2C47900600D09ABE = {
						CreatedOnToolsVersion = 15.4;
					};
					7F6452FB2C47900800D09ABE = {
						CreatedOnToolsVersion = 15.4;
						TestTargetID = 7F6452EB2C47900600D09ABE;
					};
					7F6453052C47900800D09ABE = {
						CreatedOnToolsVersion = 15.4;
						TestTargetID = 7F6452EB2C47900600D09ABE;
					};
				};
			};
			buildConfigurationList = 7F6452E72C47900600D09ABE /* Build configuration list for PBXProject "Question App" */;
			compatibilityVersion = "Xcode 14.0";
			developmentRegion = en;
			hasScannedForEncodings = 0;
			knownRegions = (
				en,
				Base,
			);
			mainGroup = 7F6452E32C47900600D09ABE;
			productRefGroup = 7F6452ED2C47900600D09ABE /* Products */;
			projectDirPath = "";
			projectRoot = "";
			targets = (
				7F6452EB2C47900600D09ABE /* Question App */,
				7F6452FB2C47900800D09ABE /* Question AppTests */,
				7F6453052C47900800D09ABE /* Question AppUITests */,
			);
		};
/* End PBXProject section */

/* Begin PBXResourcesBuildPhase section */
		7F6452EA2C47900600D09ABE /* Resources */ = {
			isa = PBXResourcesBuildPhase;
			buildActionMask = 2147483647;
			files = (
				7F6452F72C47900800D09ABE /* Preview Assets.xcassets in Resources */,
				7F6452F42C47900800D09ABE /* Assets.xcassets in Resources */,
			);
			runOnlyForDeploymentPostprocessing = 0;
		};
		7F6452FA2C47900800D09ABE /* Resources */ = {
			isa = PBXResourcesBuildPhase;
			buildActionMask = 2147483647;
			files = (
			);
			runOnlyForDeploymentPostprocessing = 0;
		};
		7F6453042C47900800D09ABE /* Resources */ = {
			isa = PBXResourcesBuildPhase;
			buildActionMask = 2147483647;
			files = (
			);
			runOnlyForDeploymentPostprocessing = 0;
		};
/* End PBXResourcesBuildPhase section */

/* Begin PBXSourcesBuildPhase section */
		7F6452E82C47900600D09ABE /* Sources */ = {
			isa = PBXSourcesBuildPhase;
			buildActionMask = 2147483647;
			files = (
				7F64531C2C47915300D09ABE /* Question_two.swift in Sources */,
				7F64531A2C47904800D09ABE /* Question_one.swift in Sources */,
				7F6452F22C47900600D09ABE /* ContentView.swift in Sources */,
				7F6452F02C47900600D09ABE /* Question_AppApp.swift in Sources */,
				7F6453262C48557B00D09ABE /* Question_three.swift in Sources */,
			);
			runOnlyForDeploymentPostprocessing = 0;
		};
		7F6452F82C47900800D09ABE /* Sources */ = {
			isa = PBXSourcesBuildPhase;
			buildActionMask = 2147483647;
			files = (
			);
			runOnlyForDeploymentPostprocessing = 0;
		};
		7F6453022C47900800D09ABE /* Sources */ = {
			isa = PBXSourcesBuildPhase;
			buildActionMask = 2147483647;
			files = (
			);
			runOnlyForDeploymentPostprocessing = 0;
		};
/* End PBXSourcesBuildPhase section */

/* Begin PBXTargetDependency section */
		7F6452FE2C47900800D09ABE /* PBXTargetDependency */ = {
			isa = PBXTargetDependency;
			target = 7F6452EB2C47900600D09ABE /* Question App */;
			targetProxy = 7F6452FD2C47900800D09ABE /* PBXContainerItemProxy */;
		};
		7F6453082C47900800D09ABE /* PBXTargetDependency */ = {
			isa = PBXTargetDependency;
			target = 7F6452EB2C47900600D09ABE /* Question App */;
			targetProxy = 7F6453072C47900800D09ABE /* PBXContainerItemProxy */;
		};
/* End PBXTargetDependency section */

/* Begin XCBuildConfiguration section */
		7F64530E2C47900800D09ABE /* Debug */ = {
			isa = XCBuildConfiguration;
			buildSettings = {
				ALWAYS_SEARCH_USER_PATHS = NO;
				ASSETCATALOG_COMPILER_GENERATE_SWIFT_ASSET_SYMBOL_EXTENSIONS = YES;
				CLANG_ANALYZER_NONNULL = YES;
				CLANG_ANALYZER_NUMBER_OBJECT_CONVERSION = YES_AGGRESSIVE;
				CLANG_CXX_LANGUAGE_STANDARD = "gnu++20";
				CLANG_ENABLE_MODULES = YES;
				CLANG_ENABLE_OBJC_ARC = YES;
				CLANG_ENABLE_OBJC_WEAK = YES;
				CLANG_WARN_BLOCK_CAPTURE_AUTORELEASING = YES;
				CLANG_WARN_BOOL_CONVERSION = YES;
				CLANG_WARN_COMMA = YES;
				CLANG_WARN_CONSTANT_CONVERSION = YES;
				CLANG_WARN_DEPRECATED_OBJC_IMPLEMENTATIONS = YES;
				CLANG_WARN_DIRECT_OBJC_ISA_USAGE = YES_ERROR;
				CLANG_WARN_DOCUMENTATION_COMMENTS = YES;
				CLANG_WARN_EMPTY_BODY = YES;
				CLANG_WARN_ENUM_CONVERSION = YES;
				CLANG_WARN_INFINITE_RECURSION = YES;
				CLANG_WARN_INT_CONVERSION = YES;
				CLANG_WARN_NON_LITERAL_NULL_CONVERSION = YES;
				CLANG_WARN_OBJC_IMPLICIT_RETAIN_SELF = YES;
				CLANG_WARN_OBJC_LITERAL_CONVERSION = YES;
				CLANG_WARN_OBJC_ROOT_CLASS = YES_ERROR;
				CLANG_WARN_QUOTED_INCLUDE_IN_FRAMEWORK_HEADER = YES;
				CLANG_WARN_RANGE_LOOP_ANALYSIS = YES;
				CLANG_WARN_STRICT_PROTOTYPES = YES;
				CLANG_WARN_SUSPICIOUS_MOVE = YES;
				CLANG_WARN_UNGUARDED_AVAILABILITY = YES_AGGRESSIVE;
				CLANG_WARN_UNREACHABLE_CODE = YES;
				CLANG_WARN__DUPLICATE_METHOD_MATCH = YES;
				COPY_PHASE_STRIP = NO;
				DEBUG_INFORMATION_FORMAT = dwarf;
				ENABLE_STRICT_OBJC_MSGSEND = YES;
				ENABLE_TESTABILITY = YES;
				ENABLE_USER_SCRIPT_SANDBOXING = YES;
				GCC_C_LANGUAGE_STANDARD = gnu17;
				GCC_DYNAMIC_NO_PIC = NO;
				GCC_NO_COMMON_BLOCKS = YES;
				GCC_OPTIMIZATION_LEVEL = 0;
				GCC_PREPROCESSOR_DEFINITIONS = (
					"DEBUG=1",
					"$(inherited)",
				);
				GCC_WARN_64_TO_32_BIT_CONVERSION = YES;
				GCC_WARN_ABOUT_RETURN_TYPE = YES_ERROR;
				GCC_WARN_UNDECLARED_SELECTOR = YES;
				GCC_WARN_UNINITIALIZED_AUTOS = YES_AGGRESSIVE;
				GCC_WARN_UNUSED_FUNCTION = YES;
				GCC_WARN_UNUSED_VARIABLE = YES;
				IPHONEOS_DEPLOYMENT_TARGET = 17.5;
				LOCALIZATION_PREFERS_STRING_CATALOGS = YES;
				MTL_ENABLE_DEBUG_INFO = INCLUDE_SOURCE;
				MTL_FAST_MATH = YES;
				ONLY_ACTIVE_ARCH = YES;
				SDKROOT = iphoneos;
				SWIFT_ACTIVE_COMPILATION_CONDITIONS = "DEBUG $(inherited)";
				SWIFT_OPTIMIZATION_LEVEL = "-Onone";
			};
			name = Debug;
		};
		7F64530F2C47900800D09ABE /* Release */ = {
			isa = XCBuildConfiguration;
			buildSettings = {
				ALWAYS_SEARCH_USER_PATHS = NO;
				ASSETCATALOG_COMPILER_GENERATE_SWIFT_ASSET_SYMBOL_EXTENSIONS = YES;
				CLANG_ANALYZER_NONNULL = YES;
				CLANG_ANALYZER_NUMBER_OBJECT_CONVERSION = YES_AGGRESSIVE;
				CLANG_CXX_LANGUAGE_STANDARD = "gnu++20";
				CLANG_ENABLE_MODULES = YES;
				CLANG_ENABLE_OBJC_ARC = YES;
				CLANG_ENABLE_OBJC_WEAK = YES;
				CLANG_WARN_BLOCK_CAPTURE_AUTORELEASING = YES;
				CLANG_WARN_BOOL_CONVERSION = YES;
				CLANG_WARN_COMMA = YES;
				CLANG_WARN_CONSTANT_CONVERSION = YES;
				CLANG_WARN_DEPRECATED_OBJC_IMPLEMENTATIONS = YES;
				CLANG_WARN_DIRECT_OBJC_ISA_USAGE = YES_ERROR;
				CLANG_WARN_DOCUMENTATION_COMMENTS = YES;
				CLANG_WARN_EMPTY_BODY = YES;
				CLANG_WARN_ENUM_CONVERSION = YES;
				CLANG_WARN_INFINITE_RECURSION = YES;
				CLANG_WARN_INT_CONVERSION = YES;
				CLANG_WARN_NON_LITERAL_NULL_CONVERSION = YES;
				CLANG_WARN_OBJC_IMPLICIT_RETAIN_SELF = YES;
				CLANG_WARN_OBJC_LITERAL_CONVERSION = YES;
				CLANG_WARN_OBJC_ROOT_CLASS = YES_ERROR;
				CLANG_WARN_QUOTED_INCLUDE_IN_FRAMEWORK_HEADER = YES;
				CLANG_WARN_RANGE_LOOP_ANALYSIS = YES;
				CLANG_WARN_STRICT_PROTOTYPES = YES;
				CLANG_WARN_SUSPICIOUS_MOVE = YES;
				CLANG_WARN_UNGUARDED_AVAILABILITY = YES_AGGRESSIVE;
				CLANG_WARN_UNREACHABLE_CODE = YES;
				CLANG_WARN__DUPLICATE_METHOD_MATCH = YES;
				COPY_PHASE_STRIP = NO;
				DEBUG_INFORMATION_FORMAT = "dwarf-with-dsym";
				ENABLE_NS_ASSERTIONS = NO;
				ENABLE_STRICT_OBJC_MSGSEND = YES;
				ENABLE_USER_SCRIPT_SANDBOXING = YES;
				GCC_C_LANGUAGE_STANDARD = gnu17;
				GCC_NO_COMMON_BLOCKS = YES;
				GCC_WARN_64_TO_32_BIT_CONVERSION = YES;
				GCC_WARN_ABOUT_RETURN_TYPE = YES_ERROR;
				GCC_WARN_UNDECLARED_SELECTOR = YES;
				GCC_WARN_UNINITIALIZED_AUTOS = YES_AGGRESSIVE;
				GCC_WARN_UNUSED_FUNCTION = YES;
				GCC_WARN_UNUSED_VARIABLE = YES;
				IPHONEOS_DEPLOYMENT_TARGET = 17.5;
				LOCALIZATION_PREFERS_STRING_CATALOGS = YES;
				MTL_ENABLE_DEBUG_INFO = NO;
				MTL_FAST_MATH = YES;
				SDKROOT = iphoneos;
				SWIFT_COMPILATION_MODE = wholemodule;
				VALIDATE_PRODUCT = YES;
			};
			name = Release;
		};
		7F6453112C47900800D09ABE /* Debug */ = {
			isa = XCBuildConfiguration;
			buildSettings = {
				ASSETCATALOG_COMPILER_APPICON_NAME = AppIcon;
				ASSETCATALOG_COMPILER_GLOBAL_ACCENT_COLOR_NAME = AccentColor;
				CODE_SIGN_STYLE = Automatic;
				CURRENT_PROJECT_VERSION = 1;
				DEVELOPMENT_ASSET_PATHS = "\"Question App/Preview Content\"";
				ENABLE_PREVIEWS = YES;
				GENERATE_INFOPLIST_FILE = YES;
				INFOPLIST_KEY_UIApplicationSceneManifest_Generation = YES;
				INFOPLIST_KEY_UIApplicationSupportsIndirectInputEvents = YES;
				INFOPLIST_KEY_UILaunchScreen_Generation = YES;
				INFOPLIST_KEY_UISupportedInterfaceOrientations_iPad = "UIInterfaceOrientationPortrait UIInterfaceOrientationPortraitUpsideDown UIInterfaceOrientationLandscapeLeft UIInterfaceOrientationLandscapeRight";
				INFOPLIST_KEY_UISupportedInterfaceOrientations_iPhone = "UIInterfaceOrientationPortrait UIInterfaceOrientationLandscapeLeft UIInterfaceOrientationLandscapeRight";
				LD_RUNPATH_SEARCH_PATHS = (
					"$(inherited)",
					"@executable_path/Frameworks",
				);
				MARKETING_VERSION = 1.0;
				PRODUCT_BUNDLE_IDENTIFIER = "kwk.Question-App";
				PRODUCT_NAME = "$(TARGET_NAME)";
				SWIFT_EMIT_LOC_STRINGS = YES;
				SWIFT_VERSION = 5.0;
				TARGETED_DEVICE_FAMILY = "1,2";
			};
			name = Debug;
		};
		7F6453122C47900800D09ABE /* Release */ = {
			isa = XCBuildConfiguration;
			buildSettings = {
				ASSETCATALOG_COMPILER_APPICON_NAME = AppIcon;
				ASSETCATALOG_COMPILER_GLOBAL_ACCENT_COLOR_NAME = AccentColor;
				CODE_SIGN_STYLE = Automatic;
				CURRENT_PROJECT_VERSION = 1;
				DEVELOPMENT_ASSET_PATHS = "\"Question App/Preview Content\"";
				ENABLE_PREVIEWS = YES;
				GENERATE_INFOPLIST_FILE = YES;
				INFOPLIST_KEY_UIApplicationSceneManifest_Generation = YES;
				INFOPLIST_KEY_UIApplicationSupportsIndirectInputEvents = YES;
				INFOPLIST_KEY_UILaunchScreen_Generation = YES;
				INFOPLIST_KEY_UISupportedInterfaceOrientations_iPad = "UIInterfaceOrientationPortrait UIInterfaceOrientationPortraitUpsideDown UIInterfaceOrientationLandscapeLeft UIInterfaceOrientationLandscapeRight";
				INFOPLIST_KEY_UISupportedInterfaceOrientations_iPhone = "UIInterfaceOrientationPortrait UIInterfaceOrientationLandscapeLeft UIInterfaceOrientationLandscapeRight";
				LD_RUNPATH_SEARCH_PATHS = (
					"$(inherited)",
					"@executable_path/Frameworks",
				);
				MARKETING_VERSION = 1.0;
				PRODUCT_BUNDLE_IDENTIFIER = "kwk.Question-App";
				PRODUCT_NAME = "$(TARGET_NAME)";
				SWIFT_EMIT_LOC_STRINGS = YES;
				SWIFT_VERSION = 5.0;
				TARGETED_DEVICE_FAMILY = "1,2";
			};
			name = Release;
		};
		7F6453142C47900800D09ABE /* Debug */ = {
			isa = XCBuildConfiguration;
			buildSettings = {
				ALWAYS_EMBED_SWIFT_STANDARD_LIBRARIES = YES;
				BUNDLE_LOADER = "$(TEST_HOST)";
				CODE_SIGN_STYLE = Automatic;
				CURRENT_PROJECT_VERSION = 1;
				GENERATE_INFOPLIST_FILE = YES;
				IPHONEOS_DEPLOYMENT_TARGET = 17.5;
				MARKETING_VERSION = 1.0;
				PRODUCT_BUNDLE_IDENTIFIER = "kwk.Question-AppTests";
				PRODUCT_NAME = "$(TARGET_NAME)";
				SWIFT_EMIT_LOC_STRINGS = NO;
				SWIFT_VERSION = 5.0;
				TARGETED_DEVICE_FAMILY = "1,2";
				TEST_HOST = "$(BUILT_PRODUCTS_DIR)/Question App.app/$(BUNDLE_EXECUTABLE_FOLDER_PATH)/Question App";
			};
			name = Debug;
		};
		7F6453152C47900800D09ABE /* Release */ = {
			isa = XCBuildConfiguration;
			buildSettings = {
				ALWAYS_EMBED_SWIFT_STANDARD_LIBRARIES = YES;
				BUNDLE_LOADER = "$(TEST_HOST)";
				CODE_SIGN_STYLE = Automatic;
				CURRENT_PROJECT_VERSION = 1;
				GENERATE_INFOPLIST_FILE = YES;
				IPHONEOS_DEPLOYMENT_TARGET = 17.5;
				MARKETING_VERSION = 1.0;
				PRODUCT_BUNDLE_IDENTIFIER = "kwk.Question-AppTests";
				PRODUCT_NAME = "$(TARGET_NAME)";
				SWIFT_EMIT_LOC_STRINGS = NO;
				SWIFT_VERSION = 5.0;
				TARGETED_DEVICE_FAMILY = "1,2";
				TEST_HOST = "$(BUILT_PRODUCTS_DIR)/Question App.app/$(BUNDLE_EXECUTABLE_FOLDER_PATH)/Question App";
			};
			name = Release;
		};
		7F6453172C47900800D09ABE /* Debug */ = {
			isa = XCBuildConfiguration;
			buildSettings = {
				ALWAYS_EMBED_SWIFT_STANDARD_LIBRARIES = YES;
				CODE_SIGN_STYLE = Automatic;
				CURRENT_PROJECT_VERSION = 1;
				GENERATE_INFOPLIST_FILE = YES;
				MARKETING_VERSION = 1.0;
				PRODUCT_BUNDLE_IDENTIFIER = "kwk.Question-AppUITests";
				PRODUCT_NAME = "$(TARGET_NAME)";
				SWIFT_EMIT_LOC_STRINGS = NO;
				SWIFT_VERSION = 5.0;
				TARGETED_DEVICE_FAMILY = "1,2";
				TEST_TARGET_NAME = "Question App";
			};
			name = Debug;
		};
		7F6453182C47900800D09ABE /* Release */ = {
			isa = XCBuildConfiguration;
			buildSettings = {
				ALWAYS_EMBED_SWIFT_STANDARD_LIBRARIES = YES;
				CODE_SIGN_STYLE = Automatic;
				CURRENT_PROJECT_VERSION = 1;
				GENERATE_INFOPLIST_FILE = YES;
				MARKETING_VERSION = 1.0;
				PRODUCT_BUNDLE_IDENTIFIER = "kwk.Question-AppUITests";
				PRODUCT_NAME = "$(TARGET_NAME)";
				SWIFT_EMIT_LOC_STRINGS = NO;
				SWIFT_VERSION = 5.0;
				TARGETED_DEVICE_FAMILY = "1,2";
				TEST_TARGET_NAME = "Question App";
			};
			name = Release;
		};
/* End XCBuildConfiguration section */

/* Begin XCConfigurationList section */
		7F6452E72C47900600D09ABE /* Build configuration list for PBXProject "Question App" */ = {
			isa = XCConfigurationList;
			buildConfigurations = (
				7F64530E2C47900800D09ABE /* Debug */,
				7F64530F2C47900800D09ABE /* Release */,
			);
			defaultConfigurationIsVisible = 0;
			defaultConfigurationName = Release;
		};
		7F6453102C47900800D09ABE /* Build configuration list for PBXNativeTarget "Question App" */ = {
			isa = XCConfigurationList;
			buildConfigurations = (
				7F6453112C47900800D09ABE /* Debug */,
				7F6453122C47900800D09ABE /* Release */,
			);
			defaultConfigurationIsVisible = 0;
			defaultConfigurationName = Release;
		};
		7F6453132C47900800D09ABE /* Build configuration list for PBXNativeTarget "Question AppTests" */ = {
			isa = XCConfigurationList;
			buildConfigurations = (
				7F6453142C47900800D09ABE /* Debug */,
				7F6453152C47900800D09ABE /* Release */,
			);
			defaultConfigurationIsVisible = 0;
			defaultConfigurationName = Release;
		};
		7F6453162C47900800D09ABE /* Build configuration list for PBXNativeTarget "Question AppUITests" */ = {
			isa = XCConfigurationList;
			buildConfigurations = (
				7F6453172C47900800D09ABE /* Debug */,
				7F6453182C47900800D09ABE /* Release */,
			);
			defaultConfigurationIsVisible = 0;
			defaultConfigurationName = Release;
		};
/* End XCConfigurationList section */
	};
	rootObject = 7F6452E42C47900600D09ABE /* Project object */;
}
